Microsoft Visual Studio Solution File, Format Version 11.00
# Visual Studio 2008

Project("{ACD7C7B0-2714-C152-EEEC-B430D9608866}") = "ClashRoyaleReplica", "Assembly-CSharp.csproj", "{5F43B594-8907-A878-55E4-6EDE404C52DC}"
EndProject
Global
	GlobalSection(SolutionConfigurationPlatforms) = preSolution
		Debug|Any CPU = Debug|Any CPU
		Release|Any CPU = Release|Any CPU
	EndGlobalSection
	GlobalSection(ProjectConfigurationPlatforms) = postSolution
		{5F43B594-8907-A878-55E4-6EDE404C52DC}.Debug|Any CPU.ActiveCfg = Debug|Any CPU
		{5F43B594-8907-A878-55E4-6EDE404C52DC}.Debug|Any CPU.Build.0 = Debug|Any CPU
		{5F43B594-8907-A878-55E4-6EDE404C52DC}.Release|Any CPU.ActiveCfg = Release|Any CPU
		{5F43B594-8907-A878-55E4-6EDE404C52DC}.Release|Any CPU.Build.0 = Release|Any CPU
	EndGlobalSection
	GlobalSection(SolutionProperties) = preSolution
		HideSolutionNode = FALSE
	EndGlobalSection
	GlobalSection(MonoDevelopProperties) = preSolution
		StartupItem = Assembly-CSharp.csproj
	EndGlobalSection
EndGlobal
